
Microsoft Visual Studio Solution File, Format Version 12.00
# Visual Studio Version 17
VisualStudioVersion = 17.0.32112.339
MinimumVisualStudioVersion = 10.0.40219.1
Project("{9A19103F-16F7-4668-BE54-9A1E7A4F7556}") = "SaveSystem", "SaveSystem\SaveSystem.csproj", "{D52E69ED-77A9-4F25-9BE7-EE204DB0F2D7}"
EndProject
Project("{9A19103F-16F7-4668-BE54-9A1E7A4F7556}") = "Tests", "Tests\Tests.csproj", "{CFF6B7F8-B60A-4419-8CC4-323656AE813D}"
EndProject
Global
	GlobalSection(SolutionConfigurationPlatforms) = preSolution
		Debug|Any CPU = Debug|Any CPU
		Release|Any CPU = Release|Any CPU
	EndGlobalSection
	GlobalSection(ProjectConfigurationPlatforms) = postSolution
		{D52E69ED-77A9-4F25-9BE7-EE204DB0F2D7}.Debug|Any CPU.ActiveCfg = Debug|Any CPU
		{D52E69ED-77A9-4F25-9BE7-EE204DB0F2D7}.Debug|Any CPU.Build.0 = Debug|Any CPU
		{D52E69ED-77A9-4F25-9BE7-EE204DB0F2D7}.Release|Any CPU.ActiveCfg = Release|Any CPU
		{D52E69ED-77A9-4F25-9BE7-EE204DB0F2D7}.Release|Any CPU.Build.0 = Release|Any CPU
		{CFF6B7F8-B60A-4419-8CC4-323656AE813D}.Debug|Any CPU.ActiveCfg = Debug|Any CPU
		{CFF6B7F8-B60A-4419-8CC4-323656AE813D}.Debug|Any CPU.Build.0 = Debug|Any CPU
		{CFF6B7F8-B60A-4419-8CC4-323656AE813D}.Release|Any CPU.ActiveCfg = Debug|Any CPU
		{CFF6B7F8-B60A-4419-8CC4-323656AE813D}.Release|Any CPU.Build.0 = Debug|Any CPU
	EndGlobalSection
	GlobalSection(SolutionProperties) = preSolution
		HideSolutionNode = FALSE
	EndGlobalSection
	GlobalSection(ExtensibilityGlobals) = postSolution
		SolutionGuid = {B7927DC7-E72C-4542-B59F-C4C8D0FCB342}
	EndGlobalSection
EndGlobal
